// !$*UTF8*$!
{
	archiveVersion = 1;
	classes = {
	};
	objectVersion = 50;
	objects = {

/* Begin PBXBuildFile section */
		CF98CC2425E7966900A32D46 /* AppDelegate.swift in Sources */ = {isa = PBXBuildFile; fileRef = CF98CC2325E7966900A32D46 /* AppDelegate.swift */; };
		CF98CC2625E7966900A32D46 /* ViewController.swift in Sources */ = {isa = PBXBuildFile; fileRef = CF98CC2525E7966900A32D46 /* ViewController.swift */; };
		CF98CC2825E7966A00A32D46 /* Assets.xcassets in Resources */ = {isa = PBXBuildFile; fileRef = CF98CC2725E7966A00A32D46 /* Assets.xcassets */; };
		CF98CC2B25E7966A00A32D46 /* Main.storyboard in Resources */ = {isa = PBXBuildFile; fileRef = CF98CC2925E7966A00A32D46 /* Main.storyboard */; };
		CF98CC3525E7974400A32D46 /* Renderer.swift in Sources */ = {isa = PBXBuildFile; fileRef = CF98CC3425E7974400A32D46 /* Renderer.swift */; };
		CF98CC3825E79CB100A32D46 /* Shaders.metal in Sources */ = {isa = PBXBuildFile; fileRef = CF98CC3725E79CB100A32D46 /* Shaders.metal */; };
		CF98CC3B25E7B2A700A32D46 /* Extensions.swift in Sources */ = {isa = PBXBuildFile; fileRef = CF98CC3A25E7B2A700A32D46 /* Extensions.swift */; };
		CF98CC3E25E7B92E00A32D46 /* Model.swift in Sources */ = {isa = PBXBuildFile; fileRef = CF98CC3D25E7B92E00A32D46 /* Model.swift */; };
		CF98CC4225E7BB2700A32D46 /* train.obj in Resources */ = {isa = PBXBuildFile; fileRef = CF98CC4025E7BB2700A32D46 /* train.obj */; };
		CF98CC4325E7BB2700A32D46 /* train.mtl in Resources */ = {isa = PBXBuildFile; fileRef = CF98CC4125E7BB2700A32D46 /* train.mtl */; };
/* End PBXBuildFile section */

/* Begin PBXFileReference section */
		CF98CC2025E7966900A32D46 /* MetalRenderer.app */ = {isa = PBXFileReference; explicitFileType = wrapper.application; includeInIndex = 0; path = MetalRenderer.app; sourceTree = BUILT_PRODUCTS_DIR; };
		CF98CC2325E7966900A32D46 /* AppDelegate.swift */ = {isa = PBXFileReference; lastKnownFileType = sourcecode.swift; path = AppDelegate.swift; sourceTree = "<group>"; };
		CF98CC2525E7966900A32D46 /* ViewController.swift */ = {isa = PBXFileReference; lastKnownFileType = sourcecode.swift; path = ViewController.swift; sourceTree = "<group>"; };
		CF98CC2725E7966A00A32D46 /* Assets.xcassets */ = {isa = PBXFileReference; lastKnownFileType = folder.assetcatalog; path = Assets.xcassets; sourceTree = "<group>"; };
		CF98CC2A25E7966A00A32D46 /* Base */ = {isa = PBXFileReference; lastKnownFileType = file.storyboard; name = Base; path = Base.lproj/Main.storyboard; sourceTree = "<group>"; };
		CF98CC2C25E7966A00A32D46 /* Info.plist */ = {isa = PBXFileReference; lastKnownFileType = text.plist.xml; path = Info.plist; sourceTree = "<group>"; };
		CF98CC2D25E7966A00A32D46 /* MetalRenderer.entitlements */ = {isa = PBXFileReference; lastKnownFileType = text.plist.entitlements; path = MetalRenderer.entitlements; sourceTree = "<group>"; };
		CF98CC3425E7974400A32D46 /* Renderer.swift */ = {isa = PBXFileReference; lastKnownFileType = sourcecode.swift; path = Renderer.swift; sourceTree = "<group>"; };
		CF98CC3725E79CB100A32D46 /* Shaders.metal */ = {isa = PBXFileReference; lastKnownFileType = sourcecode.metal; path = Shaders.metal; sourceTree = "<group>"; };
		CF98CC3A25E7B2A700A32D46 /* Extensions.swift */ = {isa = PBXFileReference; lastKnownFileType = sourcecode.swift; path = Extensions.swift; sourceTree = "<group>"; };
		CF98CC3D25E7B92E00A32D46 /* Model.swift */ = {isa = PBXFileReference; lastKnownFileType = sourcecode.swift; path = Model.swift; sourceTree = "<group>"; };
		CF98CC4025E7BB2700A32D46 /* train.obj */ = {isa = PBXFileReference; fileEncoding = 4; lastKnownFileType = text; path = train.obj; sourceTree = "<group>"; };
		CF98CC4125E7BB2700A32D46 /* train.mtl */ = {isa = PBXFileReference; fileEncoding = 4; lastKnownFileType = text; path = train.mtl; sourceTree = "<group>"; };
/* End PBXFileReference section */

/* Begin PBXFrameworksBuildPhase section */
		CF98CC1D25E7966900A32D46 /* Frameworks */ = {
			isa = PBXFrameworksBuildPhase;
			buildActionMask = 2147483647;
			files = (
			);
			runOnlyForDeploymentPostprocessing = 0;
		};
/* End PBXFrameworksBuildPhase section */

/* Begin PBXGroup section */
		CF98CC1725E7966900A32D46 = {
			isa = PBXGroup;
			children = (
				CF98CC2225E7966900A32D46 /* MetalRenderer */,
				CF98CC2125E7966900A32D46 /* Products */,
			);
			sourceTree = "<group>";
		};
		CF98CC2125E7966900A32D46 /* Products */ = {
			isa = PBXGroup;
			children = (
				CF98CC2025E7966900A32D46 /* MetalRenderer.app */,
			);
			name = Products;
			sourceTree = "<group>";
		};
		CF98CC2225E7966900A32D46 /* MetalRenderer */ = {
			isa = PBXGroup;
			children = (
				CF98CC2325E7966900A32D46 /* AppDelegate.swift */,
				CF98CC2525E7966900A32D46 /* ViewController.swift */,
				CF98CC2725E7966A00A32D46 /* Assets.xcassets */,
				CF98CC2925E7966A00A32D46 /* Main.storyboard */,
				CF98CC2C25E7966A00A32D46 /* Info.plist */,
				CF98CC4525E7BB3500A32D46 /* Models */,
				CF98CC2D25E7966A00A32D46 /* MetalRenderer.entitlements */,
				CF98CC3425E7974400A32D46 /* Renderer.swift */,
				CF98CC3725E79CB100A32D46 /* Shaders.metal */,
				CF98CC3A25E7B2A700A32D46 /* Extensions.swift */,
				CF98CC3D25E7B92E00A32D46 /* Model.swift */,
			);
			path = MetalRenderer;
			sourceTree = "<group>";
		};
		CF98CC4525E7BB3500A32D46 /* Models */ = {
			isa = PBXGroup;
			children = (
				CF98CC4125E7BB2700A32D46 /* train.mtl */,
				CF98CC4025E7BB2700A32D46 /* train.obj */,
			);
			path = Models;
			sourceTree = "<group>";
		};
/* End PBXGroup section */

/* Begin PBXNativeTarget section */
		CF98CC1F25E7966900A32D46 /* MetalRenderer */ = {
			isa = PBXNativeTarget;
			buildConfigurationList = CF98CC3025E7966A00A32D46 /* Build configuration list for PBXNativeTarget "MetalRenderer" */;
			buildPhases = (
				CF98CC1C25E7966900A32D46 /* Sources */,
				CF98CC1D25E7966900A32D46 /* Frameworks */,
				CF98CC1E25E7966900A32D46 /* Resources */,
			);
			buildRules = (
			);
			dependencies = (
			);
			name = MetalRenderer;
			productName = MetalRenderer;
			productReference = CF98CC2025E7966900A32D46 /* MetalRenderer.app */;
			productType = "com.apple.product-type.application";
		};
/* End PBXNativeTarget section */

/* Begin PBXProject section */
		CF98CC1825E7966900A32D46 /* Project object */ = {
			isa = PBXProject;
			attributes = {
				LastSwiftUpdateCheck = 1240;
				LastUpgradeCheck = 1240;
				TargetAttributes = {
					CF98CC1F25E7966900A32D46 = {
						CreatedOnToolsVersion = 12.4;
					};
				};
			};
			buildConfigurationList = CF98CC1B25E7966900A32D46 /* Build configuration list for PBXProject "MetalRenderer" */;
			compatibilityVersion = "Xcode 9.3";
			developmentRegion = en;
			hasScannedForEncodings = 0;
			knownRegions = (
				en,
				Base,
			);
			mainGroup = CF98CC1725E7966900A32D46;
			productRefGroup = CF98CC2125E7966900A32D46 /* Products */;
			projectDirPath = "";
			projectRoot = "";
			targets = (
				CF98CC1F25E7966900A32D46 /* MetalRenderer */,
			);
		};
/* End PBXProject section */

/* Begin PBXResourcesBuildPhase section */
		CF98CC1E25E7966900A32D46 /* Resources */ = {
			isa = PBXResourcesBuildPhase;
			buildActionMask = 2147483647;
			files = (
				CF98CC2825E7966A00A32D46 /* Assets.xcassets in Resources */,
				CF98CC2B25E7966A00A32D46 /* Main.storyboard in Resources */,
				CF98CC4325E7BB2700A32D46 /* train.mtl in Resources */,
				CF98CC4225E7BB2700A32D46 /* train.obj in Resources */,
			);
			runOnlyForDeploymentPostprocessing = 0;
		};
/* End PBXResourcesBuildPhase section */

/* Begin PBXSourcesBuildPhase section */
		CF98CC1C25E7966900A32D46 /* Sources */ = {
			isa = PBXSourcesBuildPhase;
			buildActionMask = 2147483647;
			files = (
				CF98CC3B25E7B2A700A32D46 /* Extensions.swift in Sources */,
				CF98CC3825E79CB100A32D46 /* Shaders.metal in Sources */,
				CF98CC2625E7966900A32D46 /* ViewController.swift in Sources */,
				CF98CC3E25E7B92E00A32D46 /* Model.swift in Sources */,
				CF98CC3525E7974400A32D46 /* Renderer.swift in Sources */,
				CF98CC2425E7966900A32D46 /* AppDelegate.swift in Sources */,
			);
			runOnlyForDeploymentPostprocessing = 0;
		};
/* End PBXSourcesBuildPhase section */

/* Begin PBXVariantGroup section */
		CF98CC2925E7966A00A32D46 /* Main.storyboard */ = {
			isa = PBXVariantGroup;
			children = (
				CF98CC2A25E7966A00A32D46 /* Base */,
			);
			name = Main.storyboard;
			sourceTree = "<group>";
		};
/* End PBXVariantGroup section */

/* Begin XCBuildConfiguration section */
		CF98CC2E25E7966A00A32D46 /* Debug */ = {
			isa = XCBuildConfiguration;
			buildSettings = {
				ALWAYS_SEARCH_USER_PATHS = NO;
				CLANG_ANALYZER_NONNULL = YES;
				CLANG_ANALYZER_NUMBER_OBJECT_CONVERSION = YES_AGGRESSIVE;
				CLANG_CXX_LANGUAGE_STANDARD = "gnu++14";
				CLANG_CXX_LIBRARY = "libc++";
				CLANG_ENABLE_MODULES = YES;
				CLANG_ENABLE_OBJC_ARC = YES;
				CLANG_ENABLE_OBJC_WEAK = YES;
				CLANG_WARN_BLOCK_CAPTURE_AUTORELEASING = YES;
				CLANG_WARN_BOOL_CONVERSION = YES;
				CLANG_WARN_COMMA = YES;
				CLANG_WARN_CONSTANT_CONVERSION = YES;
				CLANG_WARN_DEPRECATED_OBJC_IMPLEMENTATIONS = YES;
				CLANG_WARN_DIRECT_OBJC_ISA_USAGE = YES_ERROR;
				CLANG_WARN_DOCUMENTATION_COMMENTS = YES;
				CLANG_WARN_EMPTY_BODY = YES;
				CLANG_WARN_ENUM_CONVERSION = YES;
				CLANG_WARN_INFINITE_RECURSION = YES;
				CLANG_WARN_INT_CONVERSION = YES;
				CLANG_WARN_NON_LITERAL_NULL_CONVERSION = YES;
				CLANG_WARN_OBJC_IMPLICIT_RETAIN_SELF = YES;
				CLANG_WARN_OBJC_LITERAL_CONVERSION = YES;
				CLANG_WARN_OBJC_ROOT_CLASS = YES_ERROR;
				CLANG_WARN_QUOTED_INCLUDE_IN_FRAMEWORK_HEADER = YES;
				CLANG_WARN_RANGE_LOOP_ANALYSIS = YES;
				CLANG_WARN_STRICT_PROTOTYPES = YES;
				CLANG_WARN_SUSPICIOUS_MOVE = YES;
				CLANG_WARN_UNGUARDED_AVAILABILITY = YES_AGGRESSIVE;
				CLANG_WARN_UNREACHABLE_CODE = YES;
				CLANG_WARN__DUPLICATE_METHOD_MATCH = YES;
				COPY_PHASE_STRIP = NO;
				DEBUG_INFORMATION_FORMAT = dwarf;
				ENABLE_STRICT_OBJC_MSGSEND = YES;
				ENABLE_TESTABILITY = YES;
				GCC_C_LANGUAGE_STANDARD = gnu11;
				GCC_DYNAMIC_NO_PIC = NO;
				GCC_NO_COMMON_BLOCKS = YES;
				GCC_OPTIMIZATION_LEVEL = 0;
				GCC_PREPROCESSOR_DEFINITIONS = (
					"DEBUG=1",
					"$(inherited)",
				);
				GCC_WARN_64_TO_32_BIT_CONVERSION = YES;
				GCC_WARN_ABOUT_RETURN_TYPE = YES_ERROR;
				GCC_WARN_UNDECLARED_SELECTOR = YES;
				GCC_WARN_UNINITIALIZED_AUTOS = YES_AGGRESSIVE;
				GCC_WARN_UNUSED_FUNCTION = YES;
				GCC_WARN_UNUSED_VARIABLE = YES;
				MACOSX_DEPLOYMENT_TARGET = 11.1;
				MTL_ENABLE_DEBUG_INFO = INCLUDE_SOURCE;
				MTL_FAST_MATH = YES;
				ONLY_ACTIVE_ARCH = YES;
				SDKROOT = macosx;
				SWIFT_ACTIVE_COMPILATION_CONDITIONS = DEBUG;
				SWIFT_OPTIMIZATION_LEVEL = "-Onone";
			};
			name = Debug;
		};
		CF98CC2F25E7966A00A32D46 /* Release */ = {
			isa = XCBuildConfiguration;
			buildSettings = {
				ALWAYS_SEARCH_USER_PATHS = NO;
				CLANG_ANALYZER_NONNULL = YES;
				CLANG_ANALYZER_NUMBER_OBJECT_CONVERSION = YES_AGGRESSIVE;
				CLANG_CXX_LANGUAGE_STANDARD = "gnu++14";
				CLANG_CXX_LIBRARY = "libc++";
				CLANG_ENABLE_MODULES = YES;
				CLANG_ENABLE_OBJC_ARC = YES;
				CLANG_ENABLE_OBJC_WEAK = YES;
				CLANG_WARN_BLOCK_CAPTURE_AUTORELEASING = YES;
				CLANG_WARN_BOOL_CONVERSION = YES;
				CLANG_WARN_COMMA = YES;
				CLANG_WARN_CONSTANT_CONVERSION = YES;
				CLANG_WARN_DEPRECATED_OBJC_IMPLEMENTATIONS = YES;
				CLANG_WARN_DIRECT_OBJC_ISA_USAGE = YES_ERROR;
				CLANG_WARN_DOCUMENTATION_COMMENTS = YES;
				CLANG_WARN_EMPTY_BODY = YES;
				CLANG_WARN_ENUM_CONVERSION = YES;
				CLANG_WARN_INFINITE_RECURSION = YES;
				CLANG_WARN_INT_CONVERSION = YES;
				CLANG_WARN_NON_LITERAL_NULL_CONVERSION = YES;
				CLANG_WARN_OBJC_IMPLICIT_RETAIN_SELF = YES;
				CLANG_WARN_OBJC_LITERAL_CONVERSION = YES;
				CLANG_WARN_OBJC_ROOT_CLASS = YES_ERROR;
				CLANG_WARN_QUOTED_INCLUDE_IN_FRAMEWORK_HEADER = YES;
				CLANG_WARN_RANGE_LOOP_ANALYSIS = YES;
				CLANG_WARN_STRICT_PROTOTYPES = YES;
				CLANG_WARN_SUSPICIOUS_MOVE = YES;
				CLANG_WARN_UNGUARDED_AVAILABILITY = YES_AGGRESSIVE;
				CLANG_WARN_UNREACHABLE_CODE = YES;
				CLANG_WARN__DUPLICATE_METHOD_MATCH = YES;
				COPY_PHASE_STRIP = NO;
				DEBUG_INFORMATION_FORMAT = "dwarf-with-dsym";
				ENABLE_NS_ASSERTIONS = NO;
				ENABLE_STRICT_OBJC_MSGSEND = YES;
				GCC_C_LANGUAGE_STANDARD = gnu11;
				GCC_NO_COMMON_BLOCKS = YES;
				GCC_WARN_64_TO_32_BIT_CONVERSION = YES;
				GCC_WARN_ABOUT_RETURN_TYPE = YES_ERROR;
				GCC_WARN_UNDECLARED_SELECTOR = YES;
				GCC_WARN_UNINITIALIZED_AUTOS = YES_AGGRESSIVE;
				GCC_WARN_UNUSED_FUNCTION = YES;
				GCC_WARN_UNUSED_VARIABLE = YES;
				MACOSX_DEPLOYMENT_TARGET = 11.1;
				MTL_ENABLE_DEBUG_INFO = NO;
				MTL_FAST_MATH = YES;
				SDKROOT = macosx;
				SWIFT_COMPILATION_MODE = wholemodule;
				SWIFT_OPTIMIZATION_LEVEL = "-O";
			};
			name = Release;
		};
		CF98CC3125E7966A00A32D46 /* Debug */ = {
			isa = XCBuildConfiguration;
			buildSettings = {
				ASSETCATALOG_COMPILER_APPICON_NAME = AppIcon;
				ASSETCATALOG_COMPILER_GLOBAL_ACCENT_COLOR_NAME = AccentColor;
				CODE_SIGN_ENTITLEMENTS = MetalRenderer/MetalRenderer.entitlements;
				CODE_SIGN_STYLE = Automatic;
				COMBINE_HIDPI_IMAGES = YES;
				DEVELOPMENT_TEAM = N68K4RMQ8S;
				ENABLE_HARDENED_RUNTIME = YES;
				INFOPLIST_FILE = MetalRenderer/Info.plist;
				LD_RUNPATH_SEARCH_PATHS = (
					"$(inherited)",
					"@executable_path/../Frameworks",
				);
				PRODUCT_BUNDLE_IDENTIFIER = Mascaz.MetalRenderer;
				PRODUCT_NAME = "$(TARGET_NAME)";
				SWIFT_VERSION = 5.0;
			};
			name = Debug;
		};
		CF98CC3225E7966A00A32D46 /* Release */ = {
			isa = XCBuildConfiguration;
			buildSettings = {
				ASSETCATALOG_COMPILER_APPICON_NAME = AppIcon;
				ASSETCATALOG_COMPILER_GLOBAL_ACCENT_COLOR_NAME = AccentColor;
				CODE_SIGN_ENTITLEMENTS = MetalRenderer/MetalRenderer.entitlements;
				CODE_SIGN_STYLE = Automatic;
				COMBINE_HIDPI_IMAGES = YES;
				DEVELOPMENT_TEAM = N68K4RMQ8S;
				ENABLE_HARDENED_RUNTIME = YES;
				INFOPLIST_FILE = MetalRenderer/Info.plist;
				LD_RUNPATH_SEARCH_PATHS = (
					"$(inherited)",
					"@executable_path/../Frameworks",
				);
				PRODUCT_BUNDLE_IDENTIFIER = Mascaz.MetalRenderer;
				PRODUCT_NAME = "$(TARGET_NAME)";
				SWIFT_VERSION = 5.0;
			};
			name = Release;
		};
/* End XCBuildConfiguration section */

/* Begin XCConfigurationList section */
		CF98CC1B25E7966900A32D46 /* Build configuration list for PBXProject "MetalRenderer" */ = {
			isa = XCConfigurationList;
			buildConfigurations = (
				CF98CC2E25E7966A00A32D46 /* Debug */,
				CF98CC2F25E7966A00A32D46 /* Release */,
			);
			defaultConfigurationIsVisible = 0;
			defaultConfigurationName = Release;
		};
		CF98CC3025E7966A00A32D46 /* Build configuration list for PBXNativeTarget "MetalRenderer" */ = {
			isa = XCConfigurationList;
			buildConfigurations = (
				CF98CC3125E7966A00A32D46 /* Debug */,
				CF98CC3225E7966A00A32D46 /* Release */,
			);
			defaultConfigurationIsVisible = 0;
			defaultConfigurationName = Release;
		};
/* End XCConfigurationList section */
	};
	rootObject = CF98CC1825E7966900A32D46 /* Project object */;
}
